// !$*UTF8*$!
{
	archiveVersion = 1;
	classes = {
	};
	objectVersion = 46;
	objects = {

/* Begin PBXFileReference section */
		444B93E51ECAAC7300E8BC1E /* aarch64 */ = {isa = PBXFileReference; lastKnownFileType = folder; path = aarch64; sourceTree = "<group>"; };
		444B93E61ECAAC7300E8BC1E /* arm */ = {isa = PBXFileReference; lastKnownFileType = folder; path = arm; sourceTree = "<group>"; };
		444B93E71ECAAC7300E8BC1E /* audioconvert.c */ = {isa = PBXFileReference; lastKnownFileType = sourcecode.c.c; path = audioconvert.c; sourceTree = "<group>"; };
		444B93E81ECAAC7300E8BC1E /* audioconvert.h */ = {isa = PBXFileReference; lastKnownFileType = sourcecode.c.h; path = audioconvert.h; sourceTree = "<group>"; };
		444B93E91ECAAC7300E8BC1E /* dither.c */ = {isa = PBXFileReference; lastKnownFileType = sourcecode.c.c; path = dither.c; sourceTree = "<group>"; };
		444B93EA1ECAAC7300E8BC1E /* dither_template.c */ = {isa = PBXFileReference; lastKnownFileType = sourcecode.c.c; path = dither_template.c; sourceTree = "<group>"; };
		444B93EB1ECAAC7300E8BC1E /* libswresample.pc */ = {isa = PBXFileReference; lastKnownFileType = text; path = libswresample.pc; sourceTree = "<group>"; };
		444B93EC1ECAAC7300E8BC1E /* libswresample.v */ = {isa = PBXFileReference; lastKnownFileType = text; path = libswresample.v; sourceTree = "<group>"; };
		444B93ED1ECAAC7300E8BC1E /* log2_tab.c */ = {isa = PBXFileReference; lastKnownFileType = sourcecode.c.c; path = log2_tab.c; sourceTree = "<group>"; };
		444B93EE1ECAAC7300E8BC1E /* Makefile */ = {isa = PBXFileReference; lastKnownFileType = sourcecode.make; path = Makefile; sourceTree = "<group>"; };
		444B93EF1ECAAC7300E8BC1E /* noise_shaping_data.c */ = {isa = PBXFileReference; lastKnownFileType = sourcecode.c.c; path = noise_shaping_data.c; sourceTree = "<group>"; };
		444B93F01ECAAC7300E8BC1E /* options.c */ = {isa = PBXFileReference; lastKnownFileType = sourcecode.c.c; path = options.c; sourceTree = "<group>"; };
		444B93F11ECAAC7300E8BC1E /* rematrix.c */ = {isa = PBXFileReference; lastKnownFileType = sourcecode.c.c; path = rematrix.c; sourceTree = "<group>"; };
		444B93F21ECAAC7300E8BC1E /* rematrix_template.c */ = {isa = PBXFileReference; lastKnownFileType = sourcecode.c.c; path = rematrix_template.c; sourceTree = "<group>"; };
		444B93F31ECAAC7300E8BC1E /* resample.c */ = {isa = PBXFileReference; lastKnownFileType = sourcecode.c.c; path = resample.c; sourceTree = "<group>"; };
		444B93F41ECAAC7300E8BC1E /* resample.h */ = {isa = PBXFileReference; lastKnownFileType = sourcecode.c.h; path = resample.h; sourceTree = "<group>"; };
		444B93F51ECAAC7300E8BC1E /* resample_dsp.c */ = {isa = PBXFileReference; lastKnownFileType = sourcecode.c.c; path = resample_dsp.c; sourceTree = "<group>"; };
		444B93F61ECAAC7300E8BC1E /* resample_template.c */ = {isa = PBXFileReference; lastKnownFileType = sourcecode.c.c; path = resample_template.c; sourceTree = "<group>"; };
		444B93F71ECAAC7300E8BC1E /* soxr_resample.c */ = {isa = PBXFileReference; lastKnownFileType = sourcecode.c.c; path = soxr_resample.c; sourceTree = "<group>"; };
		444B93F81ECAAC7300E8BC1E /* swresample.c */ = {isa = PBXFileReference; lastKnownFileType = sourcecode.c.c; path = swresample.c; sourceTree = "<group>"; };
		444B93F91ECAAC7300E8BC1E /* swresample.h */ = {isa = PBXFileReference; lastKnownFileType = sourcecode.c.h; path = swresample.h; sourceTree = "<group>"; };
		444B93FA1ECAAC7300E8BC1E /* swresample_frame.c */ = {isa = PBXFileReference; lastKnownFileType = sourcecode.c.c; path = swresample_frame.c; sourceTree = "<group>"; };
		444B93FB1ECAAC7300E8BC1E /* swresample_internal.h */ = {isa = PBXFileReference; lastKnownFileType = sourcecode.c.h; path = swresample_internal.h; sourceTree = "<group>"; };
		444B93FC1ECAAC7300E8BC1E /* swresampleres.rc */ = {isa = PBXFileReference; lastKnownFileType = text; path = swresampleres.rc; sourceTree = "<group>"; };
		444B93FD1ECAAC7300E8BC1E /* tests */ = {isa = PBXFileReference; lastKnownFileType = folder; path = tests; sourceTree = "<group>"; };
		444B93FE1ECAAC7300E8BC1E /* version.h */ = {isa = PBXFileReference; lastKnownFileType = sourcecode.c.h; path = version.h; sourceTree = "<group>"; };
		444B93FF1ECAAC7300E8BC1E /* x86 */ = {isa = PBXFileReference; lastKnownFileType = folder; path = x86; sourceTree = "<group>"; };
/* End PBXFileReference section */

/* Begin PBXGroup section */
		444B93DF1ECAAC7300E8BC1E = {
			isa = PBXGroup;
			children = (
				444B93E51ECAAC7300E8BC1E /* aarch64 */,
				444B93E61ECAAC7300E8BC1E /* arm */,
				444B93E71ECAAC7300E8BC1E /* audioconvert.c */,
				444B93E81ECAAC7300E8BC1E /* audioconvert.h */,
				444B93E91ECAAC7300E8BC1E /* dither.c */,
				444B93EA1ECAAC7300E8BC1E /* dither_template.c */,
				444B93EB1ECAAC7300E8BC1E /* libswresample.pc */,
				444B93EC1ECAAC7300E8BC1E /* libswresample.v */,
				444B93ED1ECAAC7300E8BC1E /* log2_tab.c */,
				444B93EE1ECAAC7300E8BC1E /* Makefile */,
				444B93EF1ECAAC7300E8BC1E /* noise_shaping_data.c */,
				444B93F01ECAAC7300E8BC1E /* options.c */,
				444B93F11ECAAC7300E8BC1E /* rematrix.c */,
				444B93F21ECAAC7300E8BC1E /* rematrix_template.c */,
				444B93F31ECAAC7300E8BC1E /* resample.c */,
				444B93F41ECAAC7300E8BC1E /* resample.h */,
				444B93F51ECAAC7300E8BC1E /* resample_dsp.c */,
				444B93F61ECAAC7300E8BC1E /* resample_template.c */,
				444B93F71ECAAC7300E8BC1E /* soxr_resample.c */,
				444B93F81ECAAC7300E8BC1E /* swresample.c */,
				444B93F91ECAAC7300E8BC1E /* swresample.h */,
				444B93FA1ECAAC7300E8BC1E /* swresample_frame.c */,
				444B93FB1ECAAC7300E8BC1E /* swresample_internal.h */,
				444B93FC1ECAAC7300E8BC1E /* swresampleres.rc */,
				444B93FD1ECAAC7300E8BC1E /* tests */,
				444B93FE1ECAAC7300E8BC1E /* version.h */,
				444B93FF1ECAAC7300E8BC1E /* x86 */,
			);
			sourceTree = "<group>";
		};
/* End PBXGroup section */

/* Begin PBXLegacyTarget section */
		444B93E41ECAAC7300E8BC1E /* libswresample */ = {
			isa = PBXLegacyTarget;
			buildArgumentsString = "$(ACTION)";
			buildConfigurationList = 444B94001ECAAC7300E8BC1E /* Build configuration list for PBXLegacyTarget "libswresample" */;
			buildPhases = (
			);
			buildToolPath = /usr/bin/make;
			buildWorkingDirectory = /Users/huade/project/video/ffmpeg/libswresample;
			dependencies = (
			);
			name = libswresample;
			passBuildSettingsInEnvironment = 1;
			productName = libswresample;
		};
/* End PBXLegacyTarget section */

/* Begin PBXProject section */
		444B93E01ECAAC7300E8BC1E /* Project object */ = {
			isa = PBXProject;
			attributes = {
			};
			buildConfigurationList = 444B93E31ECAAC7300E8BC1E /* Build configuration list for PBXProject "libswresample" */;
			compatibilityVersion = "Xcode 3.2";
			developmentRegion = English;
			hasScannedForEncodings = 0;
			knownRegions = (
				en,
			);
			mainGroup = 444B93DF1ECAAC7300E8BC1E;
			projectDirPath = "";
			projectRoot = "";
			targets = (
				444B93E41ECAAC7300E8BC1E /* libswresample */,
			);
		};
/* End PBXProject section */

/* Begin XCBuildConfiguration section */
		444B93E11ECAAC7300E8BC1E /* Debug */ = {
			isa = XCBuildConfiguration;
			buildSettings = {
				ARCHS = "$(ARCHS_STANDARD_32_BIT)";
				COPY_PHASE_STRIP = NO;
				GCC_WARN_ABOUT_RETURN_TYPE = YES;
				GCC_WARN_UNUSED_VARIABLE = YES;
				ONLY_ACTIVE_ARCH = YES;
				SDKROOT = macosx10.6;
			};
			name = Debug;
		};
		444B93E21ECAAC7300E8BC1E /* Release */ = {
			isa = XCBuildConfiguration;
			buildSettings = {
				ARCHS = "$(ARCHS_STANDARD_32_BIT)";
				COPY_PHASE_STRIP = YES;
				GCC_WARN_ABOUT_RETURN_TYPE = YES;
				GCC_WARN_UNUSED_VARIABLE = YES;
				SDKROOT = macosx10.6;
			};
			name = Release;
		};
		444B94011ECAAC7300E8BC1E /* Debug */ = {
			isa = XCBuildConfiguration;
			buildSettings = {
				COPY_PHASE_STRIP = NO;
				DEBUGGING_SYMBOLS = YES;
				GCC_DYNAMIC_NO_PIC = NO;
				GCC_ENABLE_FIX_AND_CONTINUE = YES;
				GCC_GENERATE_DEBUGGING_SYMBOLS = YES;
				GCC_OPTIMIZATION_LEVEL = 0;
				OTHER_CFLAGS = "";
				OTHER_LDFLAGS = "";
				PRODUCT_NAME = libswresample;
			};
			name = Debug;
		};
		444B94021ECAAC7300E8BC1E /* Release */ = {
			isa = XCBuildConfiguration;
			buildSettings = {
				COPY_PHASE_STRIP = YES;
				DEBUG_INFORMATION_FORMAT = "dwarf-with-dsym";
				GCC_ENABLE_FIX_AND_CONTINUE = NO;
				OTHER_CFLAGS = "";
				OTHER_LDFLAGS = "";
				PRODUCT_NAME = libswresample;
			};
			name = Release;
		};
/* End XCBuildConfiguration section */

/* Begin XCConfigurationList section */
		444B93E31ECAAC7300E8BC1E /* Build configuration list for PBXProject "libswresample" */ = {
			isa = XCConfigurationList;
			buildConfigurations = (
				444B93E11ECAAC7300E8BC1E /* Debug */,
				444B93E21ECAAC7300E8BC1E /* Release */,
			);
			defaultConfigurationIsVisible = 0;
			defaultConfigurationName = Release;
		};
		444B94001ECAAC7300E8BC1E /* Build configuration list for PBXLegacyTarget "libswresample" */ = {
			isa = XCConfigurationList;
			buildConfigurations = (
				444B94011ECAAC7300E8BC1E /* Debug */,
				444B94021ECAAC7300E8BC1E /* Release */,
			);
			defaultConfigurationIsVisible = 0;
			defaultConfigurationName = Release;
		};
/* End XCConfigurationList section */
	};
	rootObject = 444B93E01ECAAC7300E8BC1E /* Project object */;
}
