// !$*UTF8*$!
{
	archiveVersion = 1;
	classes = {
	};
	objectVersion = 46;
	objects = {

/* Begin PBXFileReference section */
		444B93D31ECAAC7300E8BC1E /* libpostproc.v */ = {isa = PBXFileReference; lastKnownFileType = text; path = libpostproc.v; sourceTree = "<group>"; };
		444B93D41ECAAC7300E8BC1E /* Makefile */ = {isa = PBXFileReference; lastKnownFileType = sourcecode.make; path = Makefile; sourceTree = "<group>"; };
		444B93D51ECAAC7300E8BC1E /* postprocess.c */ = {isa = PBXFileReference; lastKnownFileType = sourcecode.c.c; path = postprocess.c; sourceTree = "<group>"; };
		444B93D61ECAAC7300E8BC1E /* postprocess.h */ = {isa = PBXFileReference; lastKnownFileType = sourcecode.c.h; path = postprocess.h; sourceTree = "<group>"; };
		444B93D71ECAAC7300E8BC1E /* postprocess_altivec_template.c */ = {isa = PBXFileReference; lastKnownFileType = sourcecode.c.c; path = postprocess_altivec_template.c; sourceTree = "<group>"; };
		444B93D81ECAAC7300E8BC1E /* postprocess_internal.h */ = {isa = PBXFileReference; lastKnownFileType = sourcecode.c.h; path = postprocess_internal.h; sourceTree = "<group>"; };
		444B93D91ECAAC7300E8BC1E /* postprocess_template.c */ = {isa = PBXFileReference; lastKnownFileType = sourcecode.c.c; path = postprocess_template.c; sourceTree = "<group>"; };
		444B93DA1ECAAC7300E8BC1E /* postprocres.rc */ = {isa = PBXFileReference; lastKnownFileType = text; path = postprocres.rc; sourceTree = "<group>"; };
		444B93DB1ECAAC7300E8BC1E /* version.h */ = {isa = PBXFileReference; lastKnownFileType = sourcecode.c.h; path = version.h; sourceTree = "<group>"; };
/* End PBXFileReference section */

/* Begin PBXGroup section */
		444B93CD1ECAAC7300E8BC1E = {
			isa = PBXGroup;
			children = (
				444B93D31ECAAC7300E8BC1E /* libpostproc.v */,
				444B93D41ECAAC7300E8BC1E /* Makefile */,
				444B93D51ECAAC7300E8BC1E /* postprocess.c */,
				444B93D61ECAAC7300E8BC1E /* postprocess.h */,
				444B93D71ECAAC7300E8BC1E /* postprocess_altivec_template.c */,
				444B93D81ECAAC7300E8BC1E /* postprocess_internal.h */,
				444B93D91ECAAC7300E8BC1E /* postprocess_template.c */,
				444B93DA1ECAAC7300E8BC1E /* postprocres.rc */,
				444B93DB1ECAAC7300E8BC1E /* version.h */,
			);
			sourceTree = "<group>";
		};
/* End PBXGroup section */

/* Begin PBXLegacyTarget section */
		444B93D21ECAAC7300E8BC1E /* libpostproc */ = {
			isa = PBXLegacyTarget;
			buildArgumentsString = "$(ACTION)";
			buildConfigurationList = 444B93DC1ECAAC7300E8BC1E /* Build configuration list for PBXLegacyTarget "libpostproc" */;
			buildPhases = (
			);
			buildToolPath = /usr/bin/make;
			buildWorkingDirectory = /Users/huade/project/video/ffmpeg/libpostproc;
			dependencies = (
			);
			name = libpostproc;
			passBuildSettingsInEnvironment = 1;
			productName = libpostproc;
		};
/* End PBXLegacyTarget section */

/* Begin PBXProject section */
		444B93CE1ECAAC7300E8BC1E /* Project object */ = {
			isa = PBXProject;
			attributes = {
			};
			buildConfigurationList = 444B93D11ECAAC7300E8BC1E /* Build configuration list for PBXProject "libpostproc" */;
			compatibilityVersion = "Xcode 3.2";
			developmentRegion = English;
			hasScannedForEncodings = 0;
			knownRegions = (
				en,
			);
			mainGroup = 444B93CD1ECAAC7300E8BC1E;
			projectDirPath = "";
			projectRoot = "";
			targets = (
				444B93D21ECAAC7300E8BC1E /* libpostproc */,
			);
		};
/* End PBXProject section */

/* Begin XCBuildConfiguration section */
		444B93CF1ECAAC7300E8BC1E /* Debug */ = {
			isa = XCBuildConfiguration;
			buildSettings = {
				ARCHS = "$(ARCHS_STANDARD_32_BIT)";
				COPY_PHASE_STRIP = NO;
				GCC_WARN_ABOUT_RETURN_TYPE = YES;
				GCC_WARN_UNUSED_VARIABLE = YES;
				ONLY_ACTIVE_ARCH = YES;
				SDKROOT = macosx10.6;
			};
			name = Debug;
		};
		444B93D01ECAAC7300E8BC1E /* Release */ = {
			isa = XCBuildConfiguration;
			buildSettings = {
				ARCHS = "$(ARCHS_STANDARD_32_BIT)";
				COPY_PHASE_STRIP = YES;
				GCC_WARN_ABOUT_RETURN_TYPE = YES;
				GCC_WARN_UNUSED_VARIABLE = YES;
				SDKROOT = macosx10.6;
			};
			name = Release;
		};
		444B93DD1ECAAC7300E8BC1E /* Debug */ = {
			isa = XCBuildConfiguration;
			buildSettings = {
				COPY_PHASE_STRIP = NO;
				DEBUGGING_SYMBOLS = YES;
				GCC_DYNAMIC_NO_PIC = NO;
				GCC_ENABLE_FIX_AND_CONTINUE = YES;
				GCC_GENERATE_DEBUGGING_SYMBOLS = YES;
				GCC_OPTIMIZATION_LEVEL = 0;
				OTHER_CFLAGS = "";
				OTHER_LDFLAGS = "";
				PRODUCT_NAME = libpostproc;
			};
			name = Debug;
		};
		444B93DE1ECAAC7300E8BC1E /* Release */ = {
			isa = XCBuildConfiguration;
			buildSettings = {
				COPY_PHASE_STRIP = YES;
				DEBUG_INFORMATION_FORMAT = "dwarf-with-dsym";
				GCC_ENABLE_FIX_AND_CONTINUE = NO;
				OTHER_CFLAGS = "";
				OTHER_LDFLAGS = "";
				PRODUCT_NAME = libpostproc;
			};
			name = Release;
		};
/* End XCBuildConfiguration section */

/* Begin XCConfigurationList section */
		444B93D11ECAAC7300E8BC1E /* Build configuration list for PBXProject "libpostproc" */ = {
			isa = XCConfigurationList;
			buildConfigurations = (
				444B93CF1ECAAC7300E8BC1E /* Debug */,
				444B93D01ECAAC7300E8BC1E /* Release */,
			);
			defaultConfigurationIsVisible = 0;
			defaultConfigurationName = Release;
		};
		444B93DC1ECAAC7300E8BC1E /* Build configuration list for PBXLegacyTarget "libpostproc" */ = {
			isa = XCConfigurationList;
			buildConfigurations = (
				444B93DD1ECAAC7300E8BC1E /* Debug */,
				444B93DE1ECAAC7300E8BC1E /* Release */,
			);
			defaultConfigurationIsVisible = 0;
			defaultConfigurationName = Release;
		};
/* End XCConfigurationList section */
	};
	rootObject = 444B93CE1ECAAC7300E8BC1E /* Project object */;
}
